
Microsoft Visual Studio Solution File, Format Version 12.00
# Visual Studio Version 16
VisualStudioVersion = 16.0.31313.79
MinimumVisualStudioVersion = 10.0.40219.1
Project("{8BC9CEB8-8B4A-11D0-8D11-00A0C91BC942}") = "kadai0630", "kadai0630\kadai0630.vcxproj", "{30BB6448-F02D-475F-AF3E-2AF49E9AF3EE}"
EndProject
Global
	GlobalSection(SolutionConfigurationPlatforms) = preSolution
		Debug|x64 = Debug|x64
		Debug|x86 = Debug|x86
		Release|x64 = Release|x64
		Release|x86 = Release|x86
	EndGlobalSection
	GlobalSection(ProjectConfigurationPlatforms) = postSolution
		{30BB6448-F02D-475F-AF3E-2AF49E9AF3EE}.Debug|x64.ActiveCfg = Debug|x64
		{30BB6448-F02D-475F-AF3E-2AF49E9AF3EE}.Debug|x64.Build.0 = Debug|x64
		{30BB6448-F02D-475F-AF3E-2AF49E9AF3EE}.Debug|x86.ActiveCfg = Debug|Win32
		{30BB6448-F02D-475F-AF3E-2AF49E9AF3EE}.Debug|x86.Build.0 = Debug|Win32
		{30BB6448-F02D-475F-AF3E-2AF49E9AF3EE}.Release|x64.ActiveCfg = Release|x64
		{30BB6448-F02D-475F-AF3E-2AF49E9AF3EE}.Release|x64.Build.0 = Release|x64
		{30BB6448-F02D-475F-AF3E-2AF49E9AF3EE}.Release|x86.ActiveCfg = Release|Win32
		{30BB6448-F02D-475F-AF3E-2AF49E9AF3EE}.Release|x86.Build.0 = Release|Win32
	EndGlobalSection
	GlobalSection(SolutionProperties) = preSolution
		HideSolutionNode = FALSE
	EndGlobalSection
	GlobalSection(ExtensibilityGlobals) = postSolution
		SolutionGuid = {4200A1FD-28E5-4AC0-82F6-DB15BBC8541C}
	EndGlobalSection
EndGlobal
